// !$*UTF8*$!
{
	archiveVersion = 1;
	classes = {
	};
	objectVersion = 50;
	objects = {

/* Begin PBXBuildFile section */
		4F0A00C621A8703700BF6EA9 /* MainFeedCollectionViewCell.swift in Sources */ = {isa = PBXBuildFile; fileRef = 4F0A00C521A8703700BF6EA9 /* MainFeedCollectionViewCell.swift */; };
		4F0D269721A738AA00AA8AB4 /* Gradient.swift in Sources */ = {isa = PBXBuildFile; fileRef = 4F0D269621A738AA00AA8AB4 /* Gradient.swift */; };
		4F1404A121A7901B00490722 /* MainFeedViewController.swift in Sources */ = {isa = PBXBuildFile; fileRef = 4F1404A021A7901B00490722 /* MainFeedViewController.swift */; };
		4FA0576A21A3B0BB000F0544 /* AppDelegate.swift in Sources */ = {isa = PBXBuildFile; fileRef = 4FA0576921A3B0BB000F0544 /* AppDelegate.swift */; };
		4FA0576C21A3B0BB000F0544 /* LoginViewController.swift in Sources */ = {isa = PBXBuildFile; fileRef = 4FA0576B21A3B0BB000F0544 /* LoginViewController.swift */; };
		4FA0577121A3B0BD000F0544 /* Assets.xcassets in Resources */ = {isa = PBXBuildFile; fileRef = 4FA0577021A3B0BD000F0544 /* Assets.xcassets */; };
		4FA0577421A3B0BD000F0544 /* LaunchScreen.storyboard in Resources */ = {isa = PBXBuildFile; fileRef = 4FA0577221A3B0BD000F0544 /* LaunchScreen.storyboard */; };
		4FE1957B21AD006000EB434F /* Debugging.swift in Sources */ = {isa = PBXBuildFile; fileRef = 4FE1957A21AD006000EB434F /* Debugging.swift */; };
		4FF0560321A911350084E5FE /* Post.swift in Sources */ = {isa = PBXBuildFile; fileRef = 4FF0560221A911350084E5FE /* Post.swift */; };
		87117C7521ADF2660071D2F7 /* People.swift in Sources */ = {isa = PBXBuildFile; fileRef = 87117C7421ADF2660071D2F7 /* People.swift */; };
		87117C7721ADF2740071D2F7 /* ProfileViewController.swift in Sources */ = {isa = PBXBuildFile; fileRef = 87117C7621ADF2740071D2F7 /* ProfileViewController.swift */; };
		87117C7B21ADF29F0071D2F7 /* PeopleCollectionViewCell.swift in Sources */ = {isa = PBXBuildFile; fileRef = 87117C7821ADF29F0071D2F7 /* PeopleCollectionViewCell.swift */; };
		87117C7C21ADF29F0071D2F7 /* SearchViewController.swift in Sources */ = {isa = PBXBuildFile; fileRef = 87117C7921ADF29F0071D2F7 /* SearchViewController.swift */; };
		87117C7D21ADF29F0071D2F7 /* PeopleFilterViewController.swift in Sources */ = {isa = PBXBuildFile; fileRef = 87117C7A21ADF29F0071D2F7 /* PeopleFilterViewController.swift */; };
		871B661E21B3BC6F00D41173 /* FirstLoginViewController.swift in Sources */ = {isa = PBXBuildFile; fileRef = 871B661D21B3BC6F00D41173 /* FirstLoginViewController.swift */; };
		871B662021B4814200D41173 /* ProfileEditViewController.swift in Sources */ = {isa = PBXBuildFile; fileRef = 871B661F21B4814200D41173 /* ProfileEditViewController.swift */; };
		871B662221B4920500D41173 /* Comment.swift in Sources */ = {isa = PBXBuildFile; fileRef = 871B662121B4920500D41173 /* Comment.swift */; };
		871B662421B493B600D41173 /* Backend.swift in Sources */ = {isa = PBXBuildFile; fileRef = 871B662321B493B600D41173 /* Backend.swift */; };
		93D6C24190860A24FC1897AA /* Pods_CornellSocialMedia.framework in Frameworks */ = {isa = PBXBuildFile; fileRef = 842AAB4DFEA9BA89D9ED410E /* Pods_CornellSocialMedia.framework */; };
/* End PBXBuildFile section */

/* Begin PBXFileReference section */
		4F0A00C521A8703700BF6EA9 /* MainFeedCollectionViewCell.swift */ = {isa = PBXFileReference; lastKnownFileType = sourcecode.swift; path = MainFeedCollectionViewCell.swift; sourceTree = "<group>"; };
		4F0D269621A738AA00AA8AB4 /* Gradient.swift */ = {isa = PBXFileReference; lastKnownFileType = sourcecode.swift; path = Gradient.swift; sourceTree = "<group>"; };
		4F1404A021A7901B00490722 /* MainFeedViewController.swift */ = {isa = PBXFileReference; lastKnownFileType = sourcecode.swift; path = MainFeedViewController.swift; sourceTree = "<group>"; };
		4FA0576621A3B0BB000F0544 /* CornellSocialMedia.app */ = {isa = PBXFileReference; explicitFileType = wrapper.application; includeInIndex = 0; path = CornellSocialMedia.app; sourceTree = BUILT_PRODUCTS_DIR; };
		4FA0576921A3B0BB000F0544 /* AppDelegate.swift */ = {isa = PBXFileReference; lastKnownFileType = sourcecode.swift; path = AppDelegate.swift; sourceTree = "<group>"; };
		4FA0576B21A3B0BB000F0544 /* LoginViewController.swift */ = {isa = PBXFileReference; lastKnownFileType = sourcecode.swift; path = LoginViewController.swift; sourceTree = "<group>"; };
		4FA0577021A3B0BD000F0544 /* Assets.xcassets */ = {isa = PBXFileReference; lastKnownFileType = folder.assetcatalog; path = Assets.xcassets; sourceTree = "<group>"; };
		4FA0577321A3B0BD000F0544 /* Base */ = {isa = PBXFileReference; lastKnownFileType = file.storyboard; name = Base; path = Base.lproj/LaunchScreen.storyboard; sourceTree = "<group>"; };
		4FA0577521A3B0BD000F0544 /* Info.plist */ = {isa = PBXFileReference; lastKnownFileType = text.plist.xml; path = Info.plist; sourceTree = "<group>"; };
		4FE1957A21AD006000EB434F /* Debugging.swift */ = {isa = PBXFileReference; lastKnownFileType = sourcecode.swift; path = Debugging.swift; sourceTree = "<group>"; };
		4FF0560221A911350084E5FE /* Post.swift */ = {isa = PBXFileReference; lastKnownFileType = sourcecode.swift; path = Post.swift; sourceTree = "<group>"; };
		61058FD23363D21014ACABC7 /* Pods-CornellSocialMedia.release.xcconfig */ = {isa = PBXFileReference; includeInIndex = 1; lastKnownFileType = text.xcconfig; name = "Pods-CornellSocialMedia.release.xcconfig"; path = "Pods/Target Support Files/Pods-CornellSocialMedia/Pods-CornellSocialMedia.release.xcconfig"; sourceTree = "<group>"; };
		842AAB4DFEA9BA89D9ED410E /* Pods_CornellSocialMedia.framework */ = {isa = PBXFileReference; explicitFileType = wrapper.framework; includeInIndex = 0; path = Pods_CornellSocialMedia.framework; sourceTree = BUILT_PRODUCTS_DIR; };
		87117C7421ADF2660071D2F7 /* People.swift */ = {isa = PBXFileReference; fileEncoding = 4; lastKnownFileType = sourcecode.swift; path = People.swift; sourceTree = "<group>"; };
		87117C7621ADF2740071D2F7 /* ProfileViewController.swift */ = {isa = PBXFileReference; fileEncoding = 4; lastKnownFileType = sourcecode.swift; path = ProfileViewController.swift; sourceTree = "<group>"; };
		87117C7821ADF29F0071D2F7 /* PeopleCollectionViewCell.swift */ = {isa = PBXFileReference; fileEncoding = 4; lastKnownFileType = sourcecode.swift; path = PeopleCollectionViewCell.swift; sourceTree = "<group>"; };
		87117C7921ADF29F0071D2F7 /* SearchViewController.swift */ = {isa = PBXFileReference; fileEncoding = 4; lastKnownFileType = sourcecode.swift; path = SearchViewController.swift; sourceTree = "<group>"; };
		87117C7A21ADF29F0071D2F7 /* PeopleFilterViewController.swift */ = {isa = PBXFileReference; fileEncoding = 4; lastKnownFileType = sourcecode.swift; path = PeopleFilterViewController.swift; sourceTree = "<group>"; };
		871B661D21B3BC6F00D41173 /* FirstLoginViewController.swift */ = {isa = PBXFileReference; lastKnownFileType = sourcecode.swift; path = FirstLoginViewController.swift; sourceTree = "<group>"; };
		871B661F21B4814200D41173 /* ProfileEditViewController.swift */ = {isa = PBXFileReference; lastKnownFileType = sourcecode.swift; path = ProfileEditViewController.swift; sourceTree = "<group>"; };
		871B662121B4920500D41173 /* Comment.swift */ = {isa = PBXFileReference; lastKnownFileType = sourcecode.swift; path = Comment.swift; sourceTree = "<group>"; };
		871B662321B493B600D41173 /* Backend.swift */ = {isa = PBXFileReference; lastKnownFileType = sourcecode.swift; path = Backend.swift; sourceTree = "<group>"; };
		D4BFF1282C8DE51CA1FC1667 /* Pods-CornellSocialMedia.debug.xcconfig */ = {isa = PBXFileReference; includeInIndex = 1; lastKnownFileType = text.xcconfig; name = "Pods-CornellSocialMedia.debug.xcconfig"; path = "Pods/Target Support Files/Pods-CornellSocialMedia/Pods-CornellSocialMedia.debug.xcconfig"; sourceTree = "<group>"; };
/* End PBXFileReference section */

/* Begin PBXFrameworksBuildPhase section */
		4FA0576321A3B0BA000F0544 /* Frameworks */ = {
			isa = PBXFrameworksBuildPhase;
			buildActionMask = 2147483647;
			files = (
				93D6C24190860A24FC1897AA /* Pods_CornellSocialMedia.framework in Frameworks */,
			);
			runOnlyForDeploymentPostprocessing = 0;
		};
/* End PBXFrameworksBuildPhase section */

/* Begin PBXGroup section */
		4F0A00C421A867CA00BF6EA9 /* CollectionViewCells */ = {
			isa = PBXGroup;
			children = (
				87117C7821ADF29F0071D2F7 /* PeopleCollectionViewCell.swift */,
				87117C7A21ADF29F0071D2F7 /* PeopleFilterViewController.swift */,
				87117C7921ADF29F0071D2F7 /* SearchViewController.swift */,
				4F0A00C521A8703700BF6EA9 /* MainFeedCollectionViewCell.swift */,
			);
			path = CollectionViewCells;
			sourceTree = "<group>";
		};
		4F10CF1F21AB4B670068DE0F /* Controllers */ = {
			isa = PBXGroup;
			children = (
				87117C7621ADF2740071D2F7 /* ProfileViewController.swift */,
				871B661F21B4814200D41173 /* ProfileEditViewController.swift */,
				4FA0576B21A3B0BB000F0544 /* LoginViewController.swift */,
				4F1404A021A7901B00490722 /* MainFeedViewController.swift */,
				871B661D21B3BC6F00D41173 /* FirstLoginViewController.swift */,
			);
			path = Controllers;
			sourceTree = "<group>";
		};
		4F10CF2021AB4BBF0068DE0F /* Misc */ = {
			isa = PBXGroup;
			children = (
				87117C7421ADF2660071D2F7 /* People.swift */,
				4FE1957A21AD006000EB434F /* Debugging.swift */,
				4F0D269621A738AA00AA8AB4 /* Gradient.swift */,
				4FF0560221A911350084E5FE /* Post.swift */,
				871B662121B4920500D41173 /* Comment.swift */,
			);
			path = Misc;
			sourceTree = "<group>";
		};
		4FA0575D21A3B0BA000F0544 = {
			isa = PBXGroup;
			children = (
				4FA0576821A3B0BB000F0544 /* CornellSocialMedia */,
				4FA0576721A3B0BB000F0544 /* Products */,
				D5A31F1D8120C927A30EAE0D /* Pods */,
				CECFED29E76025DB71987928 /* Frameworks */,
			);
			sourceTree = "<group>";
		};
		4FA0576721A3B0BB000F0544 /* Products */ = {
			isa = PBXGroup;
			children = (
				4FA0576621A3B0BB000F0544 /* CornellSocialMedia.app */,
			);
			name = Products;
			sourceTree = "<group>";
		};
		4FA0576821A3B0BB000F0544 /* CornellSocialMedia */ = {
			isa = PBXGroup;
			children = (
				4F10CF2021AB4BBF0068DE0F /* Misc */,
				4F10CF1F21AB4B670068DE0F /* Controllers */,
				4F0A00C421A867CA00BF6EA9 /* CollectionViewCells */,
				4FA0576921A3B0BB000F0544 /* AppDelegate.swift */,
				871B662321B493B600D41173 /* Backend.swift */,
				4FA0577021A3B0BD000F0544 /* Assets.xcassets */,
				4FA0577221A3B0BD000F0544 /* LaunchScreen.storyboard */,
				4FA0577521A3B0BD000F0544 /* Info.plist */,
			);
			path = CornellSocialMedia;
			sourceTree = "<group>";
		};
		CECFED29E76025DB71987928 /* Frameworks */ = {
			isa = PBXGroup;
			children = (
				842AAB4DFEA9BA89D9ED410E /* Pods_CornellSocialMedia.framework */,
			);
			name = Frameworks;
			sourceTree = "<group>";
		};
		D5A31F1D8120C927A30EAE0D /* Pods */ = {
			isa = PBXGroup;
			children = (
				D4BFF1282C8DE51CA1FC1667 /* Pods-CornellSocialMedia.debug.xcconfig */,
				61058FD23363D21014ACABC7 /* Pods-CornellSocialMedia.release.xcconfig */,
			);
			name = Pods;
			sourceTree = "<group>";
		};
/* End PBXGroup section */

/* Begin PBXNativeTarget section */
		4FA0576521A3B0BA000F0544 /* CornellSocialMedia */ = {
			isa = PBXNativeTarget;
			buildConfigurationList = 4FA0577821A3B0BD000F0544 /* Build configuration list for PBXNativeTarget "CornellSocialMedia" */;
			buildPhases = (
				6BD38E4DB4084470210CDC76 /* [CP] Check Pods Manifest.lock */,
				4FA0576221A3B0BA000F0544 /* Sources */,
				4FA0576321A3B0BA000F0544 /* Frameworks */,
				4FA0576421A3B0BA000F0544 /* Resources */,
				C67617EF0CD38CB83A329DB4 /* [CP] Embed Pods Frameworks */,
			);
			buildRules = (
			);
			dependencies = (
			);
			name = CornellSocialMedia;
			productName = CornellSocialMedia;
			productReference = 4FA0576621A3B0BB000F0544 /* CornellSocialMedia.app */;
			productType = "com.apple.product-type.application";
		};
/* End PBXNativeTarget section */

/* Begin PBXProject section */
		4FA0575E21A3B0BA000F0544 /* Project object */ = {
			isa = PBXProject;
			attributes = {
				LastSwiftUpdateCheck = 1010;
				LastUpgradeCheck = 1010;
				ORGANIZATIONNAME = CS1998FinalPGAV;
				TargetAttributes = {
					4FA0576521A3B0BA000F0544 = {
						CreatedOnToolsVersion = 10.1;
					};
				};
			};
			buildConfigurationList = 4FA0576121A3B0BA000F0544 /* Build configuration list for PBXProject "CornellSocialMedia" */;
			compatibilityVersion = "Xcode 9.3";
			developmentRegion = en;
			hasScannedForEncodings = 0;
			knownRegions = (
				en,
				Base,
			);
			mainGroup = 4FA0575D21A3B0BA000F0544;
			productRefGroup = 4FA0576721A3B0BB000F0544 /* Products */;
			projectDirPath = "";
			projectRoot = "";
			targets = (
				4FA0576521A3B0BA000F0544 /* CornellSocialMedia */,
			);
		};
/* End PBXProject section */

/* Begin PBXResourcesBuildPhase section */
		4FA0576421A3B0BA000F0544 /* Resources */ = {
			isa = PBXResourcesBuildPhase;
			buildActionMask = 2147483647;
			files = (
				4FA0577421A3B0BD000F0544 /* LaunchScreen.storyboard in Resources */,
				4FA0577121A3B0BD000F0544 /* Assets.xcassets in Resources */,
			);
			runOnlyForDeploymentPostprocessing = 0;
		};
/* End PBXResourcesBuildPhase section */

/* Begin PBXShellScriptBuildPhase section */
		6BD38E4DB4084470210CDC76 /* [CP] Check Pods Manifest.lock */ = {
			isa = PBXShellScriptBuildPhase;
			buildActionMask = 2147483647;
			files = (
			);
			inputFileListPaths = (
			);
			inputPaths = (
				"${PODS_PODFILE_DIR_PATH}/Podfile.lock",
				"${PODS_ROOT}/Manifest.lock",
			);
			name = "[CP] Check Pods Manifest.lock";
			outputFileListPaths = (
			);
			outputPaths = (
				"$(DERIVED_FILE_DIR)/Pods-CornellSocialMedia-checkManifestLockResult.txt",
			);
			runOnlyForDeploymentPostprocessing = 0;
			shellPath = /bin/sh;
			shellScript = "diff \"${PODS_PODFILE_DIR_PATH}/Podfile.lock\" \"${PODS_ROOT}/Manifest.lock\" > /dev/null\nif [ $? != 0 ] ; then\n    # print error to STDERR\n    echo \"error: The sandbox is not in sync with the Podfile.lock. Run 'pod install' or update your CocoaPods installation.\" >&2\n    exit 1\nfi\n# This output is used by Xcode 'outputs' to avoid re-running this script phase.\necho \"SUCCESS\" > \"${SCRIPT_OUTPUT_FILE_0}\"\n";
			showEnvVarsInLog = 0;
		};
		C67617EF0CD38CB83A329DB4 /* [CP] Embed Pods Frameworks */ = {
			isa = PBXShellScriptBuildPhase;
			buildActionMask = 2147483647;
			files = (
			);
			inputFileListPaths = (
			);
			inputPaths = (
				"${SRCROOT}/Pods/Target Support Files/Pods-CornellSocialMedia/Pods-CornellSocialMedia-frameworks.sh",
				"${BUILT_PRODUCTS_DIR}/Alamofire/Alamofire.framework",
				"${BUILT_PRODUCTS_DIR}/Hero/Hero.framework",
				"${BUILT_PRODUCTS_DIR}/SnapKit/SnapKit.framework",
				"${BUILT_PRODUCTS_DIR}/SwiftyJSON/SwiftyJSON.framework",
				"${BUILT_PRODUCTS_DIR}/TextFieldEffects/TextFieldEffects.framework",
			);
			name = "[CP] Embed Pods Frameworks";
			outputFileListPaths = (
			);
			outputPaths = (
				"${TARGET_BUILD_DIR}/${FRAMEWORKS_FOLDER_PATH}/Alamofire.framework",
				"${TARGET_BUILD_DIR}/${FRAMEWORKS_FOLDER_PATH}/Hero.framework",
				"${TARGET_BUILD_DIR}/${FRAMEWORKS_FOLDER_PATH}/SnapKit.framework",
				"${TARGET_BUILD_DIR}/${FRAMEWORKS_FOLDER_PATH}/SwiftyJSON.framework",
				"${TARGET_BUILD_DIR}/${FRAMEWORKS_FOLDER_PATH}/TextFieldEffects.framework",
			);
			runOnlyForDeploymentPostprocessing = 0;
			shellPath = /bin/sh;
			shellScript = "\"${SRCROOT}/Pods/Target Support Files/Pods-CornellSocialMedia/Pods-CornellSocialMedia-frameworks.sh\"\n";
			showEnvVarsInLog = 0;
		};
/* End PBXShellScriptBuildPhase section */

/* Begin PBXSourcesBuildPhase section */
		4FA0576221A3B0BA000F0544 /* Sources */ = {
			isa = PBXSourcesBuildPhase;
			buildActionMask = 2147483647;
			files = (
				871B662421B493B600D41173 /* Backend.swift in Sources */,
				4F0A00C621A8703700BF6EA9 /* MainFeedCollectionViewCell.swift in Sources */,
				87117C7C21ADF29F0071D2F7 /* SearchViewController.swift in Sources */,
				4FE1957B21AD006000EB434F /* Debugging.swift in Sources */,
				4FA0576C21A3B0BB000F0544 /* LoginViewController.swift in Sources */,
				4FA0576A21A3B0BB000F0544 /* AppDelegate.swift in Sources */,
				87117C7521ADF2660071D2F7 /* People.swift in Sources */,
				871B661E21B3BC6F00D41173 /* FirstLoginViewController.swift in Sources */,
				87117C7D21ADF29F0071D2F7 /* PeopleFilterViewController.swift in Sources */,
				87117C7721ADF2740071D2F7 /* ProfileViewController.swift in Sources */,
				4F0D269721A738AA00AA8AB4 /* Gradient.swift in Sources */,
				871B662221B4920500D41173 /* Comment.swift in Sources */,
				87117C7B21ADF29F0071D2F7 /* PeopleCollectionViewCell.swift in Sources */,
				4FF0560321A911350084E5FE /* Post.swift in Sources */,
				871B662021B4814200D41173 /* ProfileEditViewController.swift in Sources */,
				4F1404A121A7901B00490722 /* MainFeedViewController.swift in Sources */,
			);
			runOnlyForDeploymentPostprocessing = 0;
		};
/* End PBXSourcesBuildPhase section */

/* Begin PBXVariantGroup section */
		4FA0577221A3B0BD000F0544 /* LaunchScreen.storyboard */ = {
			isa = PBXVariantGroup;
			children = (
				4FA0577321A3B0BD000F0544 /* Base */,
			);
			name = LaunchScreen.storyboard;
			sourceTree = "<group>";
		};
/* End PBXVariantGroup section */

/* Begin XCBuildConfiguration section */
		4FA0577621A3B0BD000F0544 /* Debug */ = {
			isa = XCBuildConfiguration;
			buildSettings = {
				ALWAYS_SEARCH_USER_PATHS = NO;
				CLANG_ANALYZER_NONNULL = YES;
				CLANG_ANALYZER_NUMBER_OBJECT_CONVERSION = YES_AGGRESSIVE;
				CLANG_CXX_LANGUAGE_STANDARD = "gnu++14";
				CLANG_CXX_LIBRARY = "libc++";
				CLANG_ENABLE_MODULES = YES;
				CLANG_ENABLE_OBJC_ARC = YES;
				CLANG_ENABLE_OBJC_WEAK = YES;
				CLANG_WARN_BLOCK_CAPTURE_AUTORELEASING = YES;
				CLANG_WARN_BOOL_CONVERSION = YES;
				CLANG_WARN_COMMA = YES;
				CLANG_WARN_CONSTANT_CONVERSION = YES;
				CLANG_WARN_DEPRECATED_OBJC_IMPLEMENTATIONS = YES;
				CLANG_WARN_DIRECT_OBJC_ISA_USAGE = YES_ERROR;
				CLANG_WARN_DOCUMENTATION_COMMENTS = YES;
				CLANG_WARN_EMPTY_BODY = YES;
				CLANG_WARN_ENUM_CONVERSION = YES;
				CLANG_WARN_INFINITE_RECURSION = YES;
				CLANG_WARN_INT_CONVERSION = YES;
				CLANG_WARN_NON_LITERAL_NULL_CONVERSION = YES;
				CLANG_WARN_OBJC_IMPLICIT_RETAIN_SELF = YES;
				CLANG_WARN_OBJC_LITERAL_CONVERSION = YES;
				CLANG_WARN_OBJC_ROOT_CLASS = YES_ERROR;
				CLANG_WARN_RANGE_LOOP_ANALYSIS = YES;
				CLANG_WARN_STRICT_PROTOTYPES = YES;
				CLANG_WARN_SUSPICIOUS_MOVE = YES;
				CLANG_WARN_UNGUARDED_AVAILABILITY = YES_AGGRESSIVE;
				CLANG_WARN_UNREACHABLE_CODE = YES;
				CLANG_WARN__DUPLICATE_METHOD_MATCH = YES;
				CODE_SIGN_IDENTITY = "iPhone Developer";
				COPY_PHASE_STRIP = NO;
				DEBUG_INFORMATION_FORMAT = dwarf;
				ENABLE_STRICT_OBJC_MSGSEND = YES;
				ENABLE_TESTABILITY = YES;
				GCC_C_LANGUAGE_STANDARD = gnu11;
				GCC_DYNAMIC_NO_PIC = NO;
				GCC_NO_COMMON_BLOCKS = YES;
				GCC_OPTIMIZATION_LEVEL = 0;
				GCC_PREPROCESSOR_DEFINITIONS = (
					"DEBUG=1",
					"$(inherited)",
				);
				GCC_WARN_64_TO_32_BIT_CONVERSION = YES;
				GCC_WARN_ABOUT_RETURN_TYPE = YES_ERROR;
				GCC_WARN_UNDECLARED_SELECTOR = YES;
				GCC_WARN_UNINITIALIZED_AUTOS = YES_AGGRESSIVE;
				GCC_WARN_UNUSED_FUNCTION = YES;
				GCC_WARN_UNUSED_VARIABLE = YES;
				IPHONEOS_DEPLOYMENT_TARGET = 12.1;
				MTL_ENABLE_DEBUG_INFO = INCLUDE_SOURCE;
				MTL_FAST_MATH = YES;
				ONLY_ACTIVE_ARCH = YES;
				SDKROOT = iphoneos;
				SWIFT_ACTIVE_COMPILATION_CONDITIONS = DEBUG;
				SWIFT_OPTIMIZATION_LEVEL = "-Onone";
			};
			name = Debug;
		};
		4FA0577721A3B0BD000F0544 /* Release */ = {
			isa = XCBuildConfiguration;
			buildSettings = {
				ALWAYS_SEARCH_USER_PATHS = NO;
				CLANG_ANALYZER_NONNULL = YES;
				CLANG_ANALYZER_NUMBER_OBJECT_CONVERSION = YES_AGGRESSIVE;
				CLANG_CXX_LANGUAGE_STANDARD = "gnu++14";
				CLANG_CXX_LIBRARY = "libc++";
				CLANG_ENABLE_MODULES = YES;
				CLANG_ENABLE_OBJC_ARC = YES;
				CLANG_ENABLE_OBJC_WEAK = YES;
				CLANG_WARN_BLOCK_CAPTURE_AUTORELEASING = YES;
				CLANG_WARN_BOOL_CONVERSION = YES;
				CLANG_WARN_COMMA = YES;
				CLANG_WARN_CONSTANT_CONVERSION = YES;
				CLANG_WARN_DEPRECATED_OBJC_IMPLEMENTATIONS = YES;
				CLANG_WARN_DIRECT_OBJC_ISA_USAGE = YES_ERROR;
				CLANG_WARN_DOCUMENTATION_COMMENTS = YES;
				CLANG_WARN_EMPTY_BODY = YES;
				CLANG_WARN_ENUM_CONVERSION = YES;
				CLANG_WARN_INFINITE_RECURSION = YES;
				CLANG_WARN_INT_CONVERSION = YES;
				CLANG_WARN_NON_LITERAL_NULL_CONVERSION = YES;
				CLANG_WARN_OBJC_IMPLICIT_RETAIN_SELF = YES;
				CLANG_WARN_OBJC_LITERAL_CONVERSION = YES;
				CLANG_WARN_OBJC_ROOT_CLASS = YES_ERROR;
				CLANG_WARN_RANGE_LOOP_ANALYSIS = YES;
				CLANG_WARN_STRICT_PROTOTYPES = YES;
				CLANG_WARN_SUSPICIOUS_MOVE = YES;
				CLANG_WARN_UNGUARDED_AVAILABILITY = YES_AGGRESSIVE;
				CLANG_WARN_UNREACHABLE_CODE = YES;
				CLANG_WARN__DUPLICATE_METHOD_MATCH = YES;
				CODE_SIGN_IDENTITY = "iPhone Developer";
				COPY_PHASE_STRIP = NO;
				DEBUG_INFORMATION_FORMAT = "dwarf-with-dsym";
				ENABLE_NS_ASSERTIONS = NO;
				ENABLE_STRICT_OBJC_MSGSEND = YES;
				GCC_C_LANGUAGE_STANDARD = gnu11;
				GCC_NO_COMMON_BLOCKS = YES;
				GCC_WARN_64_TO_32_BIT_CONVERSION = YES;
				GCC_WARN_ABOUT_RETURN_TYPE = YES_ERROR;
				GCC_WARN_UNDECLARED_SELECTOR = YES;
				GCC_WARN_UNINITIALIZED_AUTOS = YES_AGGRESSIVE;
				GCC_WARN_UNUSED_FUNCTION = YES;
				GCC_WARN_UNUSED_VARIABLE = YES;
				IPHONEOS_DEPLOYMENT_TARGET = 12.1;
				MTL_ENABLE_DEBUG_INFO = NO;
				MTL_FAST_MATH = YES;
				SDKROOT = iphoneos;
				SWIFT_COMPILATION_MODE = wholemodule;
				SWIFT_OPTIMIZATION_LEVEL = "-O";
				VALIDATE_PRODUCT = YES;
			};
			name = Release;
		};
		4FA0577921A3B0BD000F0544 /* Debug */ = {
			isa = XCBuildConfiguration;
			baseConfigurationReference = D4BFF1282C8DE51CA1FC1667 /* Pods-CornellSocialMedia.debug.xcconfig */;
			buildSettings = {
				ASSETCATALOG_COMPILER_APPICON_NAME = AppIcon;
				CODE_SIGN_STYLE = Automatic;
				DEVELOPMENT_TEAM = 6G67Q4GKFB;
				INFOPLIST_FILE = CornellSocialMedia/Info.plist;
				LD_RUNPATH_SEARCH_PATHS = (
					"$(inherited)",
					"@executable_path/Frameworks",
				);
				PRODUCT_BUNDLE_IDENTIFIER = PhilGonzAlisaViv.CornellSocialMedia;
				PRODUCT_NAME = "$(TARGET_NAME)";
				SWIFT_VERSION = 4.2;
				TARGETED_DEVICE_FAMILY = "1,2";
			};
			name = Debug;
		};
		4FA0577A21A3B0BD000F0544 /* Release */ = {
			isa = XCBuildConfiguration;
			baseConfigurationReference = 61058FD23363D21014ACABC7 /* Pods-CornellSocialMedia.release.xcconfig */;
			buildSettings = {
				ASSETCATALOG_COMPILER_APPICON_NAME = AppIcon;
				CODE_SIGN_STYLE = Automatic;
				DEVELOPMENT_TEAM = 6G67Q4GKFB;
				INFOPLIST_FILE = CornellSocialMedia/Info.plist;
				LD_RUNPATH_SEARCH_PATHS = (
					"$(inherited)",
					"@executable_path/Frameworks",
				);
				PRODUCT_BUNDLE_IDENTIFIER = PhilGonzAlisaViv.CornellSocialMedia;
				PRODUCT_NAME = "$(TARGET_NAME)";
				SWIFT_VERSION = 4.2;
				TARGETED_DEVICE_FAMILY = "1,2";
			};
			name = Release;
		};
/* End XCBuildConfiguration section */

/* Begin XCConfigurationList section */
		4FA0576121A3B0BA000F0544 /* Build configuration list for PBXProject "CornellSocialMedia" */ = {
			isa = XCConfigurationList;
			buildConfigurations = (
				4FA0577621A3B0BD000F0544 /* Debug */,
				4FA0577721A3B0BD000F0544 /* Release */,
			);
			defaultConfigurationIsVisible = 0;
			defaultConfigurationName = Release;
		};
		4FA0577821A3B0BD000F0544 /* Build configuration list for PBXNativeTarget "CornellSocialMedia" */ = {
			isa = XCConfigurationList;
			buildConfigurations = (
				4FA0577921A3B0BD000F0544 /* Debug */,
				4FA0577A21A3B0BD000F0544 /* Release */,
			);
			defaultConfigurationIsVisible = 0;
			defaultConfigurationName = Release;
		};
/* End XCConfigurationList section */
	};
	rootObject = 4FA0575E21A3B0BA000F0544 /* Project object */;
}
